
Microsoft Visual Studio Solution File, Format Version 12.00
# Visual Studio Version 17
VisualStudioVersion = 17.7.34024.191
MinimumVisualStudioVersion = 10.0.40219.1
Project("{FAE04EC0-301F-11D3-BF4B-00C04F79EFBC}") = "Lab2_PonomarevaFO", "Lab2_PonomarevaFO\Lab2_PonomarevaFO.csproj", "{1D0016F7-E20B-46A1-937A-E52DAB873386}"
EndProject
Project("{FAE04EC0-301F-11D3-BF4B-00C04F79EFBC}") = "UnitTests", "UnitTests\UnitTests.csproj", "{E28FB916-BA52-4215-B7A7-608CCB5EF108}"
EndProject
Global
	GlobalSection(SolutionConfigurationPlatforms) = preSolution
		Debug|Any CPU = Debug|Any CPU
		Release|Any CPU = Release|Any CPU
	EndGlobalSection
	GlobalSection(ProjectConfigurationPlatforms) = postSolution
		{1D0016F7-E20B-46A1-937A-E52DAB873386}.Debug|Any CPU.ActiveCfg = Debug|Any CPU
		{1D0016F7-E20B-46A1-937A-E52DAB873386}.Debug|Any CPU.Build.0 = Debug|Any CPU
		{1D0016F7-E20B-46A1-937A-E52DAB873386}.Release|Any CPU.ActiveCfg = Release|Any CPU
		{1D0016F7-E20B-46A1-937A-E52DAB873386}.Release|Any CPU.Build.0 = Release|Any CPU
		{E28FB916-BA52-4215-B7A7-608CCB5EF108}.Debug|Any CPU.ActiveCfg = Debug|Any CPU
		{E28FB916-BA52-4215-B7A7-608CCB5EF108}.Debug|Any CPU.Build.0 = Debug|Any CPU
		{E28FB916-BA52-4215-B7A7-608CCB5EF108}.Release|Any CPU.ActiveCfg = Release|Any CPU
		{E28FB916-BA52-4215-B7A7-608CCB5EF108}.Release|Any CPU.Build.0 = Release|Any CPU
	EndGlobalSection
	GlobalSection(SolutionProperties) = preSolution
		HideSolutionNode = FALSE
	EndGlobalSection
	GlobalSection(ExtensibilityGlobals) = postSolution
		SolutionGuid = {163F2090-FBCD-461C-ABAF-B877CE40B1B4}
	EndGlobalSection
EndGlobal
